// !$*UTF8*$!
{
	archiveVersion = 1;
	classes = {
	};
	objectVersion = 56;
	objects = {

/* Begin PBXBuildFile section */
		DB1ACCDF2B3B0C49006A5980 /* AppDelegate.swift in Sources */ = {isa = PBXBuildFile; fileRef = DB1ACCDE2B3B0C49006A5980 /* AppDelegate.swift */; };
		DB1ACCE12B3B0C49006A5980 /* SceneDelegate.swift in Sources */ = {isa = PBXBuildFile; fileRef = DB1ACCE02B3B0C49006A5980 /* SceneDelegate.swift */; };
		DB1ACCE62B3B0C49006A5980 /* Main.storyboard in Resources */ = {isa = PBXBuildFile; fileRef = DB1ACCE42B3B0C49006A5980 /* Main.storyboard */; };
		DB1ACCE82B3B0C4A006A5980 /* Assets.xcassets in Resources */ = {isa = PBXBuildFile; fileRef = DB1ACCE72B3B0C4A006A5980 /* Assets.xcassets */; };
		DB1ACCEB2B3B0C4A006A5980 /* LaunchScreen.storyboard in Resources */ = {isa = PBXBuildFile; fileRef = DB1ACCE92B3B0C4A006A5980 /* LaunchScreen.storyboard */; };
		DB1D3A2E2B3C881C00F32628 /* SaveViewController.swift in Sources */ = {isa = PBXBuildFile; fileRef = DB1D3A2D2B3C881C00F32628 /* SaveViewController.swift */; };
		DB1D3A302B3C8E8E00F32628 /* SignViewController.swift in Sources */ = {isa = PBXBuildFile; fileRef = DB1D3A2F2B3C8E8E00F32628 /* SignViewController.swift */; };
		DB80061E2B3C1D6700B38F31 /* PosterViewController.swift in Sources */ = {isa = PBXBuildFile; fileRef = DB80061D2B3C1D6700B38F31 /* PosterViewController.swift */; };
		DBF180862B3C80900079E9CB /* NewHotViewController.swift in Sources */ = {isa = PBXBuildFile; fileRef = DBF180852B3C80900079E9CB /* NewHotViewController.swift */; };
/* End PBXBuildFile section */

/* Begin PBXFileReference section */
		DB1ACCDB2B3B0C49006A5980 /* Day1-Assignment.app */ = {isa = PBXFileReference; explicitFileType = wrapper.application; includeInIndex = 0; path = "Day1-Assignment.app"; sourceTree = BUILT_PRODUCTS_DIR; };
		DB1ACCDE2B3B0C49006A5980 /* AppDelegate.swift */ = {isa = PBXFileReference; lastKnownFileType = sourcecode.swift; path = AppDelegate.swift; sourceTree = "<group>"; };
		DB1ACCE02B3B0C49006A5980 /* SceneDelegate.swift */ = {isa = PBXFileReference; lastKnownFileType = sourcecode.swift; path = SceneDelegate.swift; sourceTree = "<group>"; };
		DB1ACCE52B3B0C49006A5980 /* Base */ = {isa = PBXFileReference; lastKnownFileType = file.storyboard; name = Base; path = Base.lproj/Main.storyboard; sourceTree = "<group>"; };
		DB1ACCE72B3B0C4A006A5980 /* Assets.xcassets */ = {isa = PBXFileReference; lastKnownFileType = folder.assetcatalog; path = Assets.xcassets; sourceTree = "<group>"; };
		DB1ACCEA2B3B0C4A006A5980 /* Base */ = {isa = PBXFileReference; lastKnownFileType = file.storyboard; name = Base; path = Base.lproj/LaunchScreen.storyboard; sourceTree = "<group>"; };
		DB1ACCEC2B3B0C4A006A5980 /* Info.plist */ = {isa = PBXFileReference; lastKnownFileType = text.plist.xml; path = Info.plist; sourceTree = "<group>"; };
		DB1D3A2D2B3C881C00F32628 /* SaveViewController.swift */ = {isa = PBXFileReference; lastKnownFileType = sourcecode.swift; path = SaveViewController.swift; sourceTree = "<group>"; };
		DB1D3A2F2B3C8E8E00F32628 /* SignViewController.swift */ = {isa = PBXFileReference; lastKnownFileType = sourcecode.swift; path = SignViewController.swift; sourceTree = "<group>"; };
		DB80061D2B3C1D6700B38F31 /* PosterViewController.swift */ = {isa = PBXFileReference; lastKnownFileType = sourcecode.swift; path = PosterViewController.swift; sourceTree = "<group>"; };
		DBF180852B3C80900079E9CB /* NewHotViewController.swift */ = {isa = PBXFileReference; lastKnownFileType = sourcecode.swift; path = NewHotViewController.swift; sourceTree = "<group>"; };
/* End PBXFileReference section */

/* Begin PBXFrameworksBuildPhase section */
		DB1ACCD82B3B0C49006A5980 /* Frameworks */ = {
			isa = PBXFrameworksBuildPhase;
			buildActionMask = 2147483647;
			files = (
			);
			runOnlyForDeploymentPostprocessing = 0;
		};
/* End PBXFrameworksBuildPhase section */

/* Begin PBXGroup section */
		DB1ACCD22B3B0C49006A5980 = {
			isa = PBXGroup;
			children = (
				DB1ACCDD2B3B0C49006A5980 /* Day1-Assignment */,
				DB1ACCDC2B3B0C49006A5980 /* Products */,
			);
			sourceTree = "<group>";
		};
		DB1ACCDC2B3B0C49006A5980 /* Products */ = {
			isa = PBXGroup;
			children = (
				DB1ACCDB2B3B0C49006A5980 /* Day1-Assignment.app */,
			);
			name = Products;
			sourceTree = "<group>";
		};
		DB1ACCDD2B3B0C49006A5980 /* Day1-Assignment */ = {
			isa = PBXGroup;
			children = (
				DB1ACCDE2B3B0C49006A5980 /* AppDelegate.swift */,
				DB1ACCE02B3B0C49006A5980 /* SceneDelegate.swift */,
				DB80061D2B3C1D6700B38F31 /* PosterViewController.swift */,
				DBF180852B3C80900079E9CB /* NewHotViewController.swift */,
				DB1D3A2D2B3C881C00F32628 /* SaveViewController.swift */,
				DB1D3A2F2B3C8E8E00F32628 /* SignViewController.swift */,
				DB1ACCE42B3B0C49006A5980 /* Main.storyboard */,
				DB1ACCE72B3B0C4A006A5980 /* Assets.xcassets */,
				DB1ACCE92B3B0C4A006A5980 /* LaunchScreen.storyboard */,
				DB1ACCEC2B3B0C4A006A5980 /* Info.plist */,
			);
			path = "Day1-Assignment";
			sourceTree = "<group>";
		};
/* End PBXGroup section */

/* Begin PBXNativeTarget section */
		DB1ACCDA2B3B0C49006A5980 /* Day1-Assignment */ = {
			isa = PBXNativeTarget;
			buildConfigurationList = DB1ACCEF2B3B0C4A006A5980 /* Build configuration list for PBXNativeTarget "Day1-Assignment" */;
			buildPhases = (
				DB1ACCD72B3B0C49006A5980 /* Sources */,
				DB1ACCD82B3B0C49006A5980 /* Frameworks */,
				DB1ACCD92B3B0C49006A5980 /* Resources */,
			);
			buildRules = (
			);
			dependencies = (
			);
			name = "Day1-Assignment";
			productName = "Day1-Assignment";
			productReference = DB1ACCDB2B3B0C49006A5980 /* Day1-Assignment.app */;
			productType = "com.apple.product-type.application";
		};
/* End PBXNativeTarget section */

/* Begin PBXProject section */
		DB1ACCD32B3B0C49006A5980 /* Project object */ = {
			isa = PBXProject;
			attributes = {
				BuildIndependentTargetsInParallel = 1;
				LastSwiftUpdateCheck = 1510;
				LastUpgradeCheck = 1510;
				TargetAttributes = {
					DB1ACCDA2B3B0C49006A5980 = {
						CreatedOnToolsVersion = 15.1;
					};
				};
			};
			buildConfigurationList = DB1ACCD62B3B0C49006A5980 /* Build configuration list for PBXProject "Day1-Assignment" */;
			compatibilityVersion = "Xcode 14.0";
			developmentRegion = en;
			hasScannedForEncodings = 0;
			knownRegions = (
				en,
				Base,
			);
			mainGroup = DB1ACCD22B3B0C49006A5980;
			productRefGroup = DB1ACCDC2B3B0C49006A5980 /* Products */;
			projectDirPath = "";
			projectRoot = "";
			targets = (
				DB1ACCDA2B3B0C49006A5980 /* Day1-Assignment */,
			);
		};
/* End PBXProject section */

/* Begin PBXResourcesBuildPhase section */
		DB1ACCD92B3B0C49006A5980 /* Resources */ = {
			isa = PBXResourcesBuildPhase;
			buildActionMask = 2147483647;
			files = (
				DB1ACCEB2B3B0C4A006A5980 /* LaunchScreen.storyboard in Resources */,
				DB1ACCE82B3B0C4A006A5980 /* Assets.xcassets in Resources */,
				DB1ACCE62B3B0C49006A5980 /* Main.storyboard in Resources */,
			);
			runOnlyForDeploymentPostprocessing = 0;
		};
/* End PBXResourcesBuildPhase section */

/* Begin PBXSourcesBuildPhase section */
		DB1ACCD72B3B0C49006A5980 /* Sources */ = {
			isa = PBXSourcesBuildPhase;
			buildActionMask = 2147483647;
			files = (
				DB1ACCDF2B3B0C49006A5980 /* AppDelegate.swift in Sources */,
				DB1D3A302B3C8E8E00F32628 /* SignViewController.swift in Sources */,
				DB1D3A2E2B3C881C00F32628 /* SaveViewController.swift in Sources */,
				DBF180862B3C80900079E9CB /* NewHotViewController.swift in Sources */,
				DB1ACCE12B3B0C49006A5980 /* SceneDelegate.swift in Sources */,
				DB80061E2B3C1D6700B38F31 /* PosterViewController.swift in Sources */,
			);
			runOnlyForDeploymentPostprocessing = 0;
		};
/* End PBXSourcesBuildPhase section */

/* Begin PBXVariantGroup section */
		DB1ACCE42B3B0C49006A5980 /* Main.storyboard */ = {
			isa = PBXVariantGroup;
			children = (
				DB1ACCE52B3B0C49006A5980 /* Base */,
			);
			name = Main.storyboard;
			sourceTree = "<group>";
		};
		DB1ACCE92B3B0C4A006A5980 /* LaunchScreen.storyboard */ = {
			isa = PBXVariantGroup;
			children = (
				DB1ACCEA2B3B0C4A006A5980 /* Base */,
			);
			name = LaunchScreen.storyboard;
			sourceTree = "<group>";
		};
/* End PBXVariantGroup section */

/* Begin XCBuildConfiguration section */
		DB1ACCED2B3B0C4A006A5980 /* Debug */ = {
			isa = XCBuildConfiguration;
			buildSettings = {
				ALWAYS_SEARCH_USER_PATHS = NO;
				ASSETCATALOG_COMPILER_GENERATE_SWIFT_ASSET_SYMBOL_EXTENSIONS = YES;
				CLANG_ANALYZER_NONNULL = YES;
				CLANG_ANALYZER_NUMBER_OBJECT_CONVERSION = YES_AGGRESSIVE;
				CLANG_CXX_LANGUAGE_STANDARD = "gnu++20";
				CLANG_ENABLE_MODULES = YES;
				CLANG_ENABLE_OBJC_ARC = YES;
				CLANG_ENABLE_OBJC_WEAK = YES;
				CLANG_WARN_BLOCK_CAPTURE_AUTORELEASING = YES;
				CLANG_WARN_BOOL_CONVERSION = YES;
				CLANG_WARN_COMMA = YES;
				CLANG_WARN_CONSTANT_CONVERSION = YES;
				CLANG_WARN_DEPRECATED_OBJC_IMPLEMENTATIONS = YES;
				CLANG_WARN_DIRECT_OBJC_ISA_USAGE = YES_ERROR;
				CLANG_WARN_DOCUMENTATION_COMMENTS = YES;
				CLANG_WARN_EMPTY_BODY = YES;
				CLANG_WARN_ENUM_CONVERSION = YES;
				CLANG_WARN_INFINITE_RECURSION = YES;
				CLANG_WARN_INT_CONVERSION = YES;
				CLANG_WARN_NON_LITERAL_NULL_CONVERSION = YES;
				CLANG_WARN_OBJC_IMPLICIT_RETAIN_SELF = YES;
				CLANG_WARN_OBJC_LITERAL_CONVERSION = YES;
				CLANG_WARN_OBJC_ROOT_CLASS = YES_ERROR;
				CLANG_WARN_QUOTED_INCLUDE_IN_FRAMEWORK_HEADER = YES;
				CLANG_WARN_RANGE_LOOP_ANALYSIS = YES;
				CLANG_WARN_STRICT_PROTOTYPES = YES;
				CLANG_WARN_SUSPICIOUS_MOVE = YES;
				CLANG_WARN_UNGUARDED_AVAILABILITY = YES_AGGRESSIVE;
				CLANG_WARN_UNREACHABLE_CODE = YES;
				CLANG_WARN__DUPLICATE_METHOD_MATCH = YES;
				COPY_PHASE_STRIP = NO;
				DEBUG_INFORMATION_FORMAT = dwarf;
				ENABLE_STRICT_OBJC_MSGSEND = YES;
				ENABLE_TESTABILITY = YES;
				ENABLE_USER_SCRIPT_SANDBOXING = YES;
				GCC_C_LANGUAGE_STANDARD = gnu17;
				GCC_DYNAMIC_NO_PIC = NO;
				GCC_NO_COMMON_BLOCKS = YES;
				GCC_OPTIMIZATION_LEVEL = 0;
				GCC_PREPROCESSOR_DEFINITIONS = (
					"DEBUG=1",
					"$(inherited)",
				);
				GCC_WARN_64_TO_32_BIT_CONVERSION = YES;
				GCC_WARN_ABOUT_RETURN_TYPE = YES_ERROR;
				GCC_WARN_UNDECLARED_SELECTOR = YES;
				GCC_WARN_UNINITIALIZED_AUTOS = YES_AGGRESSIVE;
				GCC_WARN_UNUSED_FUNCTION = YES;
				GCC_WARN_UNUSED_VARIABLE = YES;
				IPHONEOS_DEPLOYMENT_TARGET = 17.2;
				LOCALIZATION_PREFERS_STRING_CATALOGS = YES;
				MTL_ENABLE_DEBUG_INFO = INCLUDE_SOURCE;
				MTL_FAST_MATH = YES;
				ONLY_ACTIVE_ARCH = YES;
				SDKROOT = iphoneos;
				SWIFT_ACTIVE_COMPILATION_CONDITIONS = "DEBUG $(inherited)";
				SWIFT_OPTIMIZATION_LEVEL = "-Onone";
			};
			name = Debug;
		};
		DB1ACCEE2B3B0C4A006A5980 /* Release */ = {
			isa = XCBuildConfiguration;
			buildSettings = {
				ALWAYS_SEARCH_USER_PATHS = NO;
				ASSETCATALOG_COMPILER_GENERATE_SWIFT_ASSET_SYMBOL_EXTENSIONS = YES;
				CLANG_ANALYZER_NONNULL = YES;
				CLANG_ANALYZER_NUMBER_OBJECT_CONVERSION = YES_AGGRESSIVE;
				CLANG_CXX_LANGUAGE_STANDARD = "gnu++20";
				CLANG_ENABLE_MODULES = YES;
				CLANG_ENABLE_OBJC_ARC = YES;
				CLANG_ENABLE_OBJC_WEAK = YES;
				CLANG_WARN_BLOCK_CAPTURE_AUTORELEASING = YES;
				CLANG_WARN_BOOL_CONVERSION = YES;
				CLANG_WARN_COMMA = YES;
				CLANG_WARN_CONSTANT_CONVERSION = YES;
				CLANG_WARN_DEPRECATED_OBJC_IMPLEMENTATIONS = YES;
				CLANG_WARN_DIRECT_OBJC_ISA_USAGE = YES_ERROR;
				CLANG_WARN_DOCUMENTATION_COMMENTS = YES;
				CLANG_WARN_EMPTY_BODY = YES;
				CLANG_WARN_ENUM_CONVERSION = YES;
				CLANG_WARN_INFINITE_RECURSION = YES;
				CLANG_WARN_INT_CONVERSION = YES;
				CLANG_WARN_NON_LITERAL_NULL_CONVERSION = YES;
				CLANG_WARN_OBJC_IMPLICIT_RETAIN_SELF = YES;
				CLANG_WARN_OBJC_LITERAL_CONVERSION = YES;
				CLANG_WARN_OBJC_ROOT_CLASS = YES_ERROR;
				CLANG_WARN_QUOTED_INCLUDE_IN_FRAMEWORK_HEADER = YES;
				CLANG_WARN_RANGE_LOOP_ANALYSIS = YES;
				CLANG_WARN_STRICT_PROTOTYPES = YES;
				CLANG_WARN_SUSPICIOUS_MOVE = YES;
				CLANG_WARN_UNGUARDED_AVAILABILITY = YES_AGGRESSIVE;
				CLANG_WARN_UNREACHABLE_CODE = YES;
				CLANG_WARN__DUPLICATE_METHOD_MATCH = YES;
				COPY_PHASE_STRIP = NO;
				DEBUG_INFORMATION_FORMAT = "dwarf-with-dsym";
				ENABLE_NS_ASSERTIONS = NO;
				ENABLE_STRICT_OBJC_MSGSEND = YES;
				ENABLE_USER_SCRIPT_SANDBOXING = YES;
				GCC_C_LANGUAGE_STANDARD = gnu17;
				GCC_NO_COMMON_BLOCKS = YES;
				GCC_WARN_64_TO_32_BIT_CONVERSION = YES;
				GCC_WARN_ABOUT_RETURN_TYPE = YES_ERROR;
				GCC_WARN_UNDECLARED_SELECTOR = YES;
				GCC_WARN_UNINITIALIZED_AUTOS = YES_AGGRESSIVE;
				GCC_WARN_UNUSED_FUNCTION = YES;
				GCC_WARN_UNUSED_VARIABLE = YES;
				IPHONEOS_DEPLOYMENT_TARGET = 17.2;
				LOCALIZATION_PREFERS_STRING_CATALOGS = YES;
				MTL_ENABLE_DEBUG_INFO = NO;
				MTL_FAST_MATH = YES;
				SDKROOT = iphoneos;
				SWIFT_COMPILATION_MODE = wholemodule;
				VALIDATE_PRODUCT = YES;
			};
			name = Release;
		};
		DB1ACCF02B3B0C4A006A5980 /* Debug */ = {
			isa = XCBuildConfiguration;
			buildSettings = {
				ASSETCATALOG_COMPILER_APPICON_NAME = AppIcon;
				ASSETCATALOG_COMPILER_GLOBAL_ACCENT_COLOR_NAME = AccentColor;
				CODE_SIGN_STYLE = Automatic;
				CURRENT_PROJECT_VERSION = 1;
				GENERATE_INFOPLIST_FILE = YES;
				INFOPLIST_FILE = "Day1-Assignment/Info.plist";
				INFOPLIST_KEY_UIApplicationSupportsIndirectInputEvents = YES;
				INFOPLIST_KEY_UILaunchStoryboardName = LaunchScreen;
				INFOPLIST_KEY_UIMainStoryboardFile = Main;
				INFOPLIST_KEY_UISupportedInterfaceOrientations = UIInterfaceOrientationPortrait;
				INFOPLIST_KEY_UISupportedInterfaceOrientations_iPad = "UIInterfaceOrientationLandscapeLeft UIInterfaceOrientationLandscapeRight UIInterfaceOrientationPortrait UIInterfaceOrientationPortraitUpsideDown";
				IPHONEOS_DEPLOYMENT_TARGET = 17.2;
				LD_RUNPATH_SEARCH_PATHS = (
					"$(inherited)",
					"@executable_path/Frameworks",
				);
				MARKETING_VERSION = 1.0;
				PRODUCT_BUNDLE_IDENTIFIER = "com.jinoo.Day1-Assignment";
				PRODUCT_NAME = "$(TARGET_NAME)";
				SUPPORTED_PLATFORMS = "iphoneos iphonesimulator";
				SUPPORTS_MACCATALYST = NO;
				SUPPORTS_MAC_DESIGNED_FOR_IPHONE_IPAD = NO;
				SWIFT_EMIT_LOC_STRINGS = YES;
				SWIFT_VERSION = 5.0;
				TARGETED_DEVICE_FAMILY = 1;
			};
			name = Debug;
		};
		DB1ACCF12B3B0C4A006A5980 /* Release */ = {
			isa = XCBuildConfiguration;
			buildSettings = {
				ASSETCATALOG_COMPILER_APPICON_NAME = AppIcon;
				ASSETCATALOG_COMPILER_GLOBAL_ACCENT_COLOR_NAME = AccentColor;
				CODE_SIGN_STYLE = Automatic;
				CURRENT_PROJECT_VERSION = 1;
				GENERATE_INFOPLIST_FILE = YES;
				INFOPLIST_FILE = "Day1-Assignment/Info.plist";
				INFOPLIST_KEY_UIApplicationSupportsIndirectInputEvents = YES;
				INFOPLIST_KEY_UILaunchStoryboardName = LaunchScreen;
				INFOPLIST_KEY_UIMainStoryboardFile = Main;
				INFOPLIST_KEY_UISupportedInterfaceOrientations = UIInterfaceOrientationPortrait;
				INFOPLIST_KEY_UISupportedInterfaceOrientations_iPad = "UIInterfaceOrientationLandscapeLeft UIInterfaceOrientationLandscapeRight UIInterfaceOrientationPortrait UIInterfaceOrientationPortraitUpsideDown";
				IPHONEOS_DEPLOYMENT_TARGET = 17.2;
				LD_RUNPATH_SEARCH_PATHS = (
					"$(inherited)",
					"@executable_path/Frameworks",
				);
				MARKETING_VERSION = 1.0;
				PRODUCT_BUNDLE_IDENTIFIER = "com.jinoo.Day1-Assignment";
				PRODUCT_NAME = "$(TARGET_NAME)";
				SUPPORTED_PLATFORMS = "iphoneos iphonesimulator";
				SUPPORTS_MACCATALYST = NO;
				SUPPORTS_MAC_DESIGNED_FOR_IPHONE_IPAD = NO;
				SWIFT_EMIT_LOC_STRINGS = YES;
				SWIFT_VERSION = 5.0;
				TARGETED_DEVICE_FAMILY = 1;
			};
			name = Release;
		};
/* End XCBuildConfiguration section */

/* Begin XCConfigurationList section */
		DB1ACCD62B3B0C49006A5980 /* Build configuration list for PBXProject "Day1-Assignment" */ = {
			isa = XCConfigurationList;
			buildConfigurations = (
				DB1ACCED2B3B0C4A006A5980 /* Debug */,
				DB1ACCEE2B3B0C4A006A5980 /* Release */,
			);
			defaultConfigurationIsVisible = 0;
			defaultConfigurationName = Release;
		};
		DB1ACCEF2B3B0C4A006A5980 /* Build configuration list for PBXNativeTarget "Day1-Assignment" */ = {
			isa = XCConfigurationList;
			buildConfigurations = (
				DB1ACCF02B3B0C4A006A5980 /* Debug */,
				DB1ACCF12B3B0C4A006A5980 /* Release */,
			);
			defaultConfigurationIsVisible = 0;
			defaultConfigurationName = Release;
		};
/* End XCConfigurationList section */
	};
	rootObject = DB1ACCD32B3B0C49006A5980 /* Project object */;
}
