// !$*UTF8*$!
{
	archiveVersion = 1;
	classes = {
	};
	objectVersion = 56;
	objects = {

/* Begin PBXBuildFile section */
		0458C87E2B589E560085A69D /* BookTableViewCell.swift in Sources */ = {isa = PBXBuildFile; fileRef = 0458C87C2B589E560085A69D /* BookTableViewCell.swift */; };
		0458C87F2B589E560085A69D /* BookTableViewCell.xib in Resources */ = {isa = PBXBuildFile; fileRef = 0458C87D2B589E560085A69D /* BookTableViewCell.xib */; };
		0458C8812B589EDD0085A69D /* ReusableViewProtocol.swift in Sources */ = {isa = PBXBuildFile; fileRef = 0458C8802B589EDD0085A69D /* ReusableViewProtocol.swift */; };
		0458C8842B58A0460085A69D /* Kingfisher in Frameworks */ = {isa = PBXBuildFile; productRef = 0458C8832B58A0460085A69D /* Kingfisher */; };
		0458C8862B58A3D50085A69D /* Language.storyboard in Resources */ = {isa = PBXBuildFile; fileRef = 0458C8852B58A3D50085A69D /* Language.storyboard */; };
		0460CECB2B5611A500813E7B /* AppDelegate.swift in Sources */ = {isa = PBXBuildFile; fileRef = 0460CECA2B5611A500813E7B /* AppDelegate.swift */; };
		0460CECD2B5611A500813E7B /* SceneDelegate.swift in Sources */ = {isa = PBXBuildFile; fileRef = 0460CECC2B5611A500813E7B /* SceneDelegate.swift */; };
		0460CECF2B5611A500813E7B /* ViewController.swift in Sources */ = {isa = PBXBuildFile; fileRef = 0460CECE2B5611A500813E7B /* ViewController.swift */; };
		0460CED22B5611A500813E7B /* Main.storyboard in Resources */ = {isa = PBXBuildFile; fileRef = 0460CED02B5611A500813E7B /* Main.storyboard */; };
		0460CED42B5611A600813E7B /* Assets.xcassets in Resources */ = {isa = PBXBuildFile; fileRef = 0460CED32B5611A600813E7B /* Assets.xcassets */; };
		0460CED72B5611A600813E7B /* LaunchScreen.storyboard in Resources */ = {isa = PBXBuildFile; fileRef = 0460CED52B5611A600813E7B /* LaunchScreen.storyboard */; };
		0460CEE02B5611C900813E7B /* Alamofire in Frameworks */ = {isa = PBXBuildFile; productRef = 0460CEDF2B5611C900813E7B /* Alamofire */; };
		0460CEE22B56125F00813E7B /* LottoViewController.swift in Sources */ = {isa = PBXBuildFile; fileRef = 0460CEE12B56125F00813E7B /* LottoViewController.swift */; };
		0460CEE42B56217D00813E7B /* MarketViewController.swift in Sources */ = {isa = PBXBuildFile; fileRef = 0460CEE32B56217D00813E7B /* MarketViewController.swift */; };
		0460CEE62B56577B00813E7B /* LottoAPIManager.swift in Sources */ = {isa = PBXBuildFile; fileRef = 0460CEE52B56577B00813E7B /* LottoAPIManager.swift */; };
		0460CEE82B576AE400813E7B /* BookViewController.swift in Sources */ = {isa = PBXBuildFile; fileRef = 0460CEE72B576AE400813E7B /* BookViewController.swift */; };
		0460CEEC2B576D0700813E7B /* APIKey.swift in Sources */ = {isa = PBXBuildFile; fileRef = 0460CEEB2B576D0700813E7B /* APIKey.swift */; };
		04D634D12B58A459006B1EC9 /* LanguageViewController.swift in Sources */ = {isa = PBXBuildFile; fileRef = 04D634D02B58A459006B1EC9 /* LanguageViewController.swift */; };
		04D634D32B58A617006B1EC9 /* Papago.swift in Sources */ = {isa = PBXBuildFile; fileRef = 04D634D22B58A617006B1EC9 /* Papago.swift */; };
		04D634D52B58A628006B1EC9 /* Book.swift in Sources */ = {isa = PBXBuildFile; fileRef = 04D634D42B58A628006B1EC9 /* Book.swift */; };
		04D634D72B58A63C006B1EC9 /* Market.swift in Sources */ = {isa = PBXBuildFile; fileRef = 04D634D62B58A63C006B1EC9 /* Market.swift */; };
		04D634D92B58A646006B1EC9 /* Lotto.swift in Sources */ = {isa = PBXBuildFile; fileRef = 04D634D82B58A646006B1EC9 /* Lotto.swift */; };
		DB53F9F22B5F5BCC00CEFBA5 /* TranslationAPIManager.swift in Sources */ = {isa = PBXBuildFile; fileRef = DB53F9F12B5F5BCC00CEFBA5 /* TranslationAPIManager.swift */; };
		DB53F9F42B5F5FF900CEFBA5 /* UIViewExtension.swift in Sources */ = {isa = PBXBuildFile; fileRef = DB53F9F32B5F5FF900CEFBA5 /* UIViewExtension.swift */; };
		DB84D5562B59F63100AC0F49 /* OnboardingViewController.storyboard in Resources */ = {isa = PBXBuildFile; fileRef = DB84D5552B59F63100AC0F49 /* OnboardingViewController.storyboard */; };
		DB84D5582B59F66700AC0F49 /* OnboardingViewController.swift in Sources */ = {isa = PBXBuildFile; fileRef = DB84D5572B59F66700AC0F49 /* OnboardingViewController.swift */; };
		DB9070C82B58C819006EF2EE /* UserDefaultManager.swift in Sources */ = {isa = PBXBuildFile; fileRef = DB9070C72B58C819006EF2EE /* UserDefaultManager.swift */; };
/* End PBXBuildFile section */

/* Begin PBXFileReference section */
		0458C87C2B589E560085A69D /* BookTableViewCell.swift */ = {isa = PBXFileReference; lastKnownFileType = sourcecode.swift; path = BookTableViewCell.swift; sourceTree = "<group>"; };
		0458C87D2B589E560085A69D /* BookTableViewCell.xib */ = {isa = PBXFileReference; lastKnownFileType = file.xib; path = BookTableViewCell.xib; sourceTree = "<group>"; };
		0458C8802B589EDD0085A69D /* ReusableViewProtocol.swift */ = {isa = PBXFileReference; lastKnownFileType = sourcecode.swift; path = ReusableViewProtocol.swift; sourceTree = "<group>"; };
		0458C8852B58A3D50085A69D /* Language.storyboard */ = {isa = PBXFileReference; lastKnownFileType = file.storyboard; path = Language.storyboard; sourceTree = "<group>"; };
		0460CEC72B5611A500813E7B /* SeSAC4Network.app */ = {isa = PBXFileReference; explicitFileType = wrapper.application; includeInIndex = 0; path = SeSAC4Network.app; sourceTree = BUILT_PRODUCTS_DIR; };
		0460CECA2B5611A500813E7B /* AppDelegate.swift */ = {isa = PBXFileReference; lastKnownFileType = sourcecode.swift; path = AppDelegate.swift; sourceTree = "<group>"; };
		0460CECC2B5611A500813E7B /* SceneDelegate.swift */ = {isa = PBXFileReference; lastKnownFileType = sourcecode.swift; path = SceneDelegate.swift; sourceTree = "<group>"; };
		0460CECE2B5611A500813E7B /* ViewController.swift */ = {isa = PBXFileReference; lastKnownFileType = sourcecode.swift; path = ViewController.swift; sourceTree = "<group>"; };
		0460CED12B5611A500813E7B /* Base */ = {isa = PBXFileReference; lastKnownFileType = file.storyboard; name = Base; path = Base.lproj/Main.storyboard; sourceTree = "<group>"; };
		0460CED32B5611A600813E7B /* Assets.xcassets */ = {isa = PBXFileReference; lastKnownFileType = folder.assetcatalog; path = Assets.xcassets; sourceTree = "<group>"; };
		0460CED62B5611A600813E7B /* Base */ = {isa = PBXFileReference; lastKnownFileType = file.storyboard; name = Base; path = Base.lproj/LaunchScreen.storyboard; sourceTree = "<group>"; };
		0460CED82B5611A600813E7B /* Info.plist */ = {isa = PBXFileReference; lastKnownFileType = text.plist.xml; path = Info.plist; sourceTree = "<group>"; };
		0460CEE12B56125F00813E7B /* LottoViewController.swift */ = {isa = PBXFileReference; lastKnownFileType = sourcecode.swift; name = LottoViewController.swift; path = SeSAC4Network/LottoViewController.swift; sourceTree = SOURCE_ROOT; };
		0460CEE32B56217D00813E7B /* MarketViewController.swift */ = {isa = PBXFileReference; lastKnownFileType = sourcecode.swift; name = MarketViewController.swift; path = SeSAC4Network/MarketViewController.swift; sourceTree = SOURCE_ROOT; };
		0460CEE52B56577B00813E7B /* LottoAPIManager.swift */ = {isa = PBXFileReference; lastKnownFileType = sourcecode.swift; path = LottoAPIManager.swift; sourceTree = "<group>"; };
		0460CEE72B576AE400813E7B /* BookViewController.swift */ = {isa = PBXFileReference; lastKnownFileType = sourcecode.swift; name = BookViewController.swift; path = SeSAC4Network/BookViewController.swift; sourceTree = SOURCE_ROOT; };
		0460CEEB2B576D0700813E7B /* APIKey.swift */ = {isa = PBXFileReference; lastKnownFileType = sourcecode.swift; path = APIKey.swift; sourceTree = "<group>"; };
		04D634D02B58A459006B1EC9 /* LanguageViewController.swift */ = {isa = PBXFileReference; lastKnownFileType = sourcecode.swift; path = LanguageViewController.swift; sourceTree = "<group>"; };
		04D634D22B58A617006B1EC9 /* Papago.swift */ = {isa = PBXFileReference; lastKnownFileType = sourcecode.swift; path = Papago.swift; sourceTree = "<group>"; };
		04D634D42B58A628006B1EC9 /* Book.swift */ = {isa = PBXFileReference; lastKnownFileType = sourcecode.swift; path = Book.swift; sourceTree = "<group>"; };
		04D634D62B58A63C006B1EC9 /* Market.swift */ = {isa = PBXFileReference; lastKnownFileType = sourcecode.swift; path = Market.swift; sourceTree = "<group>"; };
		04D634D82B58A646006B1EC9 /* Lotto.swift */ = {isa = PBXFileReference; lastKnownFileType = sourcecode.swift; path = Lotto.swift; sourceTree = "<group>"; };
		DB53F9F12B5F5BCC00CEFBA5 /* TranslationAPIManager.swift */ = {isa = PBXFileReference; lastKnownFileType = sourcecode.swift; path = TranslationAPIManager.swift; sourceTree = "<group>"; };
		DB53F9F32B5F5FF900CEFBA5 /* UIViewExtension.swift */ = {isa = PBXFileReference; lastKnownFileType = sourcecode.swift; path = UIViewExtension.swift; sourceTree = "<group>"; };
		DB84D5552B59F63100AC0F49 /* OnboardingViewController.storyboard */ = {isa = PBXFileReference; lastKnownFileType = file.storyboard; path = OnboardingViewController.storyboard; sourceTree = "<group>"; };
		DB84D5572B59F66700AC0F49 /* OnboardingViewController.swift */ = {isa = PBXFileReference; lastKnownFileType = sourcecode.swift; path = OnboardingViewController.swift; sourceTree = "<group>"; };
		DB9070C72B58C819006EF2EE /* UserDefaultManager.swift */ = {isa = PBXFileReference; lastKnownFileType = sourcecode.swift; path = UserDefaultManager.swift; sourceTree = "<group>"; };
/* End PBXFileReference section */

/* Begin PBXFrameworksBuildPhase section */
		0460CEC42B5611A500813E7B /* Frameworks */ = {
			isa = PBXFrameworksBuildPhase;
			buildActionMask = 2147483647;
			files = (
				0458C8842B58A0460085A69D /* Kingfisher in Frameworks */,
				0460CEE02B5611C900813E7B /* Alamofire in Frameworks */,
			);
			runOnlyForDeploymentPostprocessing = 0;
		};
/* End PBXFrameworksBuildPhase section */

/* Begin PBXGroup section */
		0458C8782B589AAC0085A69D /* Lotto */ = {
			isa = PBXGroup;
			children = (
				0460CEE52B56577B00813E7B /* LottoAPIManager.swift */,
				0460CEE12B56125F00813E7B /* LottoViewController.swift */,
				04D634D82B58A646006B1EC9 /* Lotto.swift */,
			);
			path = Lotto;
			sourceTree = "<group>";
		};
		0458C87A2B589ABB0085A69D /* Market */ = {
			isa = PBXGroup;
			children = (
				0460CEE32B56217D00813E7B /* MarketViewController.swift */,
				04D634D62B58A63C006B1EC9 /* Market.swift */,
			);
			path = Market;
			sourceTree = "<group>";
		};
		0458C87B2B589AC00085A69D /* Book */ = {
			isa = PBXGroup;
			children = (
				0460CEE72B576AE400813E7B /* BookViewController.swift */,
				0458C87C2B589E560085A69D /* BookTableViewCell.swift */,
				0458C87D2B589E560085A69D /* BookTableViewCell.xib */,
				04D634D42B58A628006B1EC9 /* Book.swift */,
			);
			path = Book;
			sourceTree = "<group>";
		};
		0458C8872B58A3DE0085A69D /* Translation */ = {
			isa = PBXGroup;
			children = (
				0458C8852B58A3D50085A69D /* Language.storyboard */,
				0460CECE2B5611A500813E7B /* ViewController.swift */,
				04D634D02B58A459006B1EC9 /* LanguageViewController.swift */,
				04D634D22B58A617006B1EC9 /* Papago.swift */,
				DB53F9F12B5F5BCC00CEFBA5 /* TranslationAPIManager.swift */,
			);
			path = Translation;
			sourceTree = "<group>";
		};
		0460CEBE2B5611A500813E7B = {
			isa = PBXGroup;
			children = (
				0460CEC92B5611A500813E7B /* SeSAC4Network */,
				0460CEC82B5611A500813E7B /* Products */,
			);
			sourceTree = "<group>";
		};
		0460CEC82B5611A500813E7B /* Products */ = {
			isa = PBXGroup;
			children = (
				0460CEC72B5611A500813E7B /* SeSAC4Network.app */,
			);
			name = Products;
			sourceTree = "<group>";
		};
		0460CEC92B5611A500813E7B /* SeSAC4Network */ = {
			isa = PBXGroup;
			children = (
				DB9070C72B58C819006EF2EE /* UserDefaultManager.swift */,
				DB84D5542B59F61F00AC0F49 /* Onboarding */,
				0458C8872B58A3DE0085A69D /* Translation */,
				0458C87B2B589AC00085A69D /* Book */,
				0458C87A2B589ABB0085A69D /* Market */,
				0458C8782B589AAC0085A69D /* Lotto */,
				0460CEEF2B576E2F00813E7B /* Resource */,
				0460CECA2B5611A500813E7B /* AppDelegate.swift */,
				0460CECC2B5611A500813E7B /* SceneDelegate.swift */,
				0460CED02B5611A500813E7B /* Main.storyboard */,
				0460CED32B5611A600813E7B /* Assets.xcassets */,
				0460CED52B5611A600813E7B /* LaunchScreen.storyboard */,
				0460CED82B5611A600813E7B /* Info.plist */,
				0460CEEB2B576D0700813E7B /* APIKey.swift */,
				DB53F9F32B5F5FF900CEFBA5 /* UIViewExtension.swift */,
			);
			path = SeSAC4Network;
			sourceTree = "<group>";
		};
		0460CEEF2B576E2F00813E7B /* Resource */ = {
			isa = PBXGroup;
			children = (
				0458C8802B589EDD0085A69D /* ReusableViewProtocol.swift */,
			);
			path = Resource;
			sourceTree = "<group>";
		};
		DB84D5542B59F61F00AC0F49 /* Onboarding */ = {
			isa = PBXGroup;
			children = (
				DB84D5552B59F63100AC0F49 /* OnboardingViewController.storyboard */,
				DB84D5572B59F66700AC0F49 /* OnboardingViewController.swift */,
			);
			path = Onboarding;
			sourceTree = "<group>";
		};
/* End PBXGroup section */

/* Begin PBXNativeTarget section */
		0460CEC62B5611A500813E7B /* SeSAC4Network */ = {
			isa = PBXNativeTarget;
			buildConfigurationList = 0460CEDB2B5611A600813E7B /* Build configuration list for PBXNativeTarget "SeSAC4Network" */;
			buildPhases = (
				0460CEC32B5611A500813E7B /* Sources */,
				0460CEC42B5611A500813E7B /* Frameworks */,
				0460CEC52B5611A500813E7B /* Resources */,
			);
			buildRules = (
			);
			dependencies = (
			);
			name = SeSAC4Network;
			packageProductDependencies = (
				0460CEDF2B5611C900813E7B /* Alamofire */,
				0458C8832B58A0460085A69D /* Kingfisher */,
			);
			productName = SeSAC4Network;
			productReference = 0460CEC72B5611A500813E7B /* SeSAC4Network.app */;
			productType = "com.apple.product-type.application";
		};
/* End PBXNativeTarget section */

/* Begin PBXProject section */
		0460CEBF2B5611A500813E7B /* Project object */ = {
			isa = PBXProject;
			attributes = {
				BuildIndependentTargetsInParallel = 1;
				LastSwiftUpdateCheck = 1510;
				LastUpgradeCheck = 1510;
				TargetAttributes = {
					0460CEC62B5611A500813E7B = {
						CreatedOnToolsVersion = 15.1;
					};
				};
			};
			buildConfigurationList = 0460CEC22B5611A500813E7B /* Build configuration list for PBXProject "SeSAC4Network" */;
			compatibilityVersion = "Xcode 14.0";
			developmentRegion = en;
			hasScannedForEncodings = 0;
			knownRegions = (
				en,
				Base,
			);
			mainGroup = 0460CEBE2B5611A500813E7B;
			packageReferences = (
				0460CEDE2B5611C900813E7B /* XCRemoteSwiftPackageReference "Alamofire" */,
				0458C8822B58A0460085A69D /* XCRemoteSwiftPackageReference "Kingfisher" */,
			);
			productRefGroup = 0460CEC82B5611A500813E7B /* Products */;
			projectDirPath = "";
			projectRoot = "";
			targets = (
				0460CEC62B5611A500813E7B /* SeSAC4Network */,
			);
		};
/* End PBXProject section */

/* Begin PBXResourcesBuildPhase section */
		0460CEC52B5611A500813E7B /* Resources */ = {
			isa = PBXResourcesBuildPhase;
			buildActionMask = 2147483647;
			files = (
				0458C8862B58A3D50085A69D /* Language.storyboard in Resources */,
				0460CED72B5611A600813E7B /* LaunchScreen.storyboard in Resources */,
				0460CED42B5611A600813E7B /* Assets.xcassets in Resources */,
				DB84D5562B59F63100AC0F49 /* OnboardingViewController.storyboard in Resources */,
				0460CED22B5611A500813E7B /* Main.storyboard in Resources */,
				0458C87F2B589E560085A69D /* BookTableViewCell.xib in Resources */,
			);
			runOnlyForDeploymentPostprocessing = 0;
		};
/* End PBXResourcesBuildPhase section */

/* Begin PBXSourcesBuildPhase section */
		0460CEC32B5611A500813E7B /* Sources */ = {
			isa = PBXSourcesBuildPhase;
			buildActionMask = 2147483647;
			files = (
				0460CECF2B5611A500813E7B /* ViewController.swift in Sources */,
				0458C8812B589EDD0085A69D /* ReusableViewProtocol.swift in Sources */,
				DB53F9F22B5F5BCC00CEFBA5 /* TranslationAPIManager.swift in Sources */,
				DB9070C82B58C819006EF2EE /* UserDefaultManager.swift in Sources */,
				DB84D5582B59F66700AC0F49 /* OnboardingViewController.swift in Sources */,
				0460CEE22B56125F00813E7B /* LottoViewController.swift in Sources */,
				04D634D32B58A617006B1EC9 /* Papago.swift in Sources */,
				0460CEEC2B576D0700813E7B /* APIKey.swift in Sources */,
				0460CEE42B56217D00813E7B /* MarketViewController.swift in Sources */,
				04D634D92B58A646006B1EC9 /* Lotto.swift in Sources */,
				0458C87E2B589E560085A69D /* BookTableViewCell.swift in Sources */,
				0460CEE82B576AE400813E7B /* BookViewController.swift in Sources */,
				0460CECB2B5611A500813E7B /* AppDelegate.swift in Sources */,
				DB53F9F42B5F5FF900CEFBA5 /* UIViewExtension.swift in Sources */,
				04D634D72B58A63C006B1EC9 /* Market.swift in Sources */,
				04D634D12B58A459006B1EC9 /* LanguageViewController.swift in Sources */,
				0460CECD2B5611A500813E7B /* SceneDelegate.swift in Sources */,
				04D634D52B58A628006B1EC9 /* Book.swift in Sources */,
				0460CEE62B56577B00813E7B /* LottoAPIManager.swift in Sources */,
			);
			runOnlyForDeploymentPostprocessing = 0;
		};
/* End PBXSourcesBuildPhase section */

/* Begin PBXVariantGroup section */
		0460CED02B5611A500813E7B /* Main.storyboard */ = {
			isa = PBXVariantGroup;
			children = (
				0460CED12B5611A500813E7B /* Base */,
			);
			name = Main.storyboard;
			sourceTree = "<group>";
		};
		0460CED52B5611A600813E7B /* LaunchScreen.storyboard */ = {
			isa = PBXVariantGroup;
			children = (
				0460CED62B5611A600813E7B /* Base */,
			);
			name = LaunchScreen.storyboard;
			sourceTree = "<group>";
		};
/* End PBXVariantGroup section */

/* Begin XCBuildConfiguration section */
		0460CED92B5611A600813E7B /* Debug */ = {
			isa = XCBuildConfiguration;
			buildSettings = {
				ALWAYS_SEARCH_USER_PATHS = NO;
				ASSETCATALOG_COMPILER_GENERATE_SWIFT_ASSET_SYMBOL_EXTENSIONS = YES;
				CLANG_ANALYZER_NONNULL = YES;
				CLANG_ANALYZER_NUMBER_OBJECT_CONVERSION = YES_AGGRESSIVE;
				CLANG_CXX_LANGUAGE_STANDARD = "gnu++20";
				CLANG_ENABLE_MODULES = YES;
				CLANG_ENABLE_OBJC_ARC = YES;
				CLANG_ENABLE_OBJC_WEAK = YES;
				CLANG_WARN_BLOCK_CAPTURE_AUTORELEASING = YES;
				CLANG_WARN_BOOL_CONVERSION = YES;
				CLANG_WARN_COMMA = YES;
				CLANG_WARN_CONSTANT_CONVERSION = YES;
				CLANG_WARN_DEPRECATED_OBJC_IMPLEMENTATIONS = YES;
				CLANG_WARN_DIRECT_OBJC_ISA_USAGE = YES_ERROR;
				CLANG_WARN_DOCUMENTATION_COMMENTS = YES;
				CLANG_WARN_EMPTY_BODY = YES;
				CLANG_WARN_ENUM_CONVERSION = YES;
				CLANG_WARN_INFINITE_RECURSION = YES;
				CLANG_WARN_INT_CONVERSION = YES;
				CLANG_WARN_NON_LITERAL_NULL_CONVERSION = YES;
				CLANG_WARN_OBJC_IMPLICIT_RETAIN_SELF = YES;
				CLANG_WARN_OBJC_LITERAL_CONVERSION = YES;
				CLANG_WARN_OBJC_ROOT_CLASS = YES_ERROR;
				CLANG_WARN_QUOTED_INCLUDE_IN_FRAMEWORK_HEADER = YES;
				CLANG_WARN_RANGE_LOOP_ANALYSIS = YES;
				CLANG_WARN_STRICT_PROTOTYPES = YES;
				CLANG_WARN_SUSPICIOUS_MOVE = YES;
				CLANG_WARN_UNGUARDED_AVAILABILITY = YES_AGGRESSIVE;
				CLANG_WARN_UNREACHABLE_CODE = YES;
				CLANG_WARN__DUPLICATE_METHOD_MATCH = YES;
				COPY_PHASE_STRIP = NO;
				DEBUG_INFORMATION_FORMAT = dwarf;
				ENABLE_STRICT_OBJC_MSGSEND = YES;
				ENABLE_TESTABILITY = YES;
				ENABLE_USER_SCRIPT_SANDBOXING = YES;
				GCC_C_LANGUAGE_STANDARD = gnu17;
				GCC_DYNAMIC_NO_PIC = NO;
				GCC_NO_COMMON_BLOCKS = YES;
				GCC_OPTIMIZATION_LEVEL = 0;
				GCC_PREPROCESSOR_DEFINITIONS = (
					"DEBUG=1",
					"$(inherited)",
				);
				GCC_WARN_64_TO_32_BIT_CONVERSION = YES;
				GCC_WARN_ABOUT_RETURN_TYPE = YES_ERROR;
				GCC_WARN_UNDECLARED_SELECTOR = YES;
				GCC_WARN_UNINITIALIZED_AUTOS = YES_AGGRESSIVE;
				GCC_WARN_UNUSED_FUNCTION = YES;
				GCC_WARN_UNUSED_VARIABLE = YES;
				IPHONEOS_DEPLOYMENT_TARGET = 17.2;
				LOCALIZATION_PREFERS_STRING_CATALOGS = YES;
				MTL_ENABLE_DEBUG_INFO = INCLUDE_SOURCE;
				MTL_FAST_MATH = YES;
				ONLY_ACTIVE_ARCH = YES;
				SDKROOT = iphoneos;
				SWIFT_ACTIVE_COMPILATION_CONDITIONS = "DEBUG $(inherited)";
				SWIFT_OPTIMIZATION_LEVEL = "-Onone";
			};
			name = Debug;
		};
		0460CEDA2B5611A600813E7B /* Release */ = {
			isa = XCBuildConfiguration;
			buildSettings = {
				ALWAYS_SEARCH_USER_PATHS = NO;
				ASSETCATALOG_COMPILER_GENERATE_SWIFT_ASSET_SYMBOL_EXTENSIONS = YES;
				CLANG_ANALYZER_NONNULL = YES;
				CLANG_ANALYZER_NUMBER_OBJECT_CONVERSION = YES_AGGRESSIVE;
				CLANG_CXX_LANGUAGE_STANDARD = "gnu++20";
				CLANG_ENABLE_MODULES = YES;
				CLANG_ENABLE_OBJC_ARC = YES;
				CLANG_ENABLE_OBJC_WEAK = YES;
				CLANG_WARN_BLOCK_CAPTURE_AUTORELEASING = YES;
				CLANG_WARN_BOOL_CONVERSION = YES;
				CLANG_WARN_COMMA = YES;
				CLANG_WARN_CONSTANT_CONVERSION = YES;
				CLANG_WARN_DEPRECATED_OBJC_IMPLEMENTATIONS = YES;
				CLANG_WARN_DIRECT_OBJC_ISA_USAGE = YES_ERROR;
				CLANG_WARN_DOCUMENTATION_COMMENTS = YES;
				CLANG_WARN_EMPTY_BODY = YES;
				CLANG_WARN_ENUM_CONVERSION = YES;
				CLANG_WARN_INFINITE_RECURSION = YES;
				CLANG_WARN_INT_CONVERSION = YES;
				CLANG_WARN_NON_LITERAL_NULL_CONVERSION = YES;
				CLANG_WARN_OBJC_IMPLICIT_RETAIN_SELF = YES;
				CLANG_WARN_OBJC_LITERAL_CONVERSION = YES;
				CLANG_WARN_OBJC_ROOT_CLASS = YES_ERROR;
				CLANG_WARN_QUOTED_INCLUDE_IN_FRAMEWORK_HEADER = YES;
				CLANG_WARN_RANGE_LOOP_ANALYSIS = YES;
				CLANG_WARN_STRICT_PROTOTYPES = YES;
				CLANG_WARN_SUSPICIOUS_MOVE = YES;
				CLANG_WARN_UNGUARDED_AVAILABILITY = YES_AGGRESSIVE;
				CLANG_WARN_UNREACHABLE_CODE = YES;
				CLANG_WARN__DUPLICATE_METHOD_MATCH = YES;
				COPY_PHASE_STRIP = NO;
				DEBUG_INFORMATION_FORMAT = "dwarf-with-dsym";
				ENABLE_NS_ASSERTIONS = NO;
				ENABLE_STRICT_OBJC_MSGSEND = YES;
				ENABLE_USER_SCRIPT_SANDBOXING = YES;
				GCC_C_LANGUAGE_STANDARD = gnu17;
				GCC_NO_COMMON_BLOCKS = YES;
				GCC_WARN_64_TO_32_BIT_CONVERSION = YES;
				GCC_WARN_ABOUT_RETURN_TYPE = YES_ERROR;
				GCC_WARN_UNDECLARED_SELECTOR = YES;
				GCC_WARN_UNINITIALIZED_AUTOS = YES_AGGRESSIVE;
				GCC_WARN_UNUSED_FUNCTION = YES;
				GCC_WARN_UNUSED_VARIABLE = YES;
				IPHONEOS_DEPLOYMENT_TARGET = 17.2;
				LOCALIZATION_PREFERS_STRING_CATALOGS = YES;
				MTL_ENABLE_DEBUG_INFO = NO;
				MTL_FAST_MATH = YES;
				SDKROOT = iphoneos;
				SWIFT_COMPILATION_MODE = wholemodule;
				VALIDATE_PRODUCT = YES;
			};
			name = Release;
		};
		0460CEDC2B5611A600813E7B /* Debug */ = {
			isa = XCBuildConfiguration;
			buildSettings = {
				ASSETCATALOG_COMPILER_APPICON_NAME = AppIcon;
				ASSETCATALOG_COMPILER_GLOBAL_ACCENT_COLOR_NAME = AccentColor;
				CODE_SIGN_STYLE = Automatic;
				CURRENT_PROJECT_VERSION = 1;
				DEVELOPMENT_TEAM = SUZFV58S8B;
				GENERATE_INFOPLIST_FILE = YES;
				INFOPLIST_FILE = SeSAC4Network/Info.plist;
				INFOPLIST_KEY_UIApplicationSupportsIndirectInputEvents = YES;
				INFOPLIST_KEY_UILaunchStoryboardName = LaunchScreen;
				INFOPLIST_KEY_UIMainStoryboardFile = Main;
				INFOPLIST_KEY_UISupportedInterfaceOrientations_iPad = "UIInterfaceOrientationPortrait UIInterfaceOrientationPortraitUpsideDown UIInterfaceOrientationLandscapeLeft UIInterfaceOrientationLandscapeRight";
				INFOPLIST_KEY_UISupportedInterfaceOrientations_iPhone = "UIInterfaceOrientationPortrait UIInterfaceOrientationLandscapeLeft UIInterfaceOrientationLandscapeRight";
				LD_RUNPATH_SEARCH_PATHS = (
					"$(inherited)",
					"@executable_path/Frameworks",
				);
				MARKETING_VERSION = 1.0;
				PRODUCT_BUNDLE_IDENTIFIER = com.jack.SeSAC4Network;
				PRODUCT_NAME = "$(TARGET_NAME)";
				SWIFT_EMIT_LOC_STRINGS = YES;
				SWIFT_VERSION = 5.0;
				TARGETED_DEVICE_FAMILY = "1,2";
			};
			name = Debug;
		};
		0460CEDD2B5611A600813E7B /* Release */ = {
			isa = XCBuildConfiguration;
			buildSettings = {
				ASSETCATALOG_COMPILER_APPICON_NAME = AppIcon;
				ASSETCATALOG_COMPILER_GLOBAL_ACCENT_COLOR_NAME = AccentColor;
				CODE_SIGN_STYLE = Automatic;
				CURRENT_PROJECT_VERSION = 1;
				DEVELOPMENT_TEAM = SUZFV58S8B;
				GENERATE_INFOPLIST_FILE = YES;
				INFOPLIST_FILE = SeSAC4Network/Info.plist;
				INFOPLIST_KEY_UIApplicationSupportsIndirectInputEvents = YES;
				INFOPLIST_KEY_UILaunchStoryboardName = LaunchScreen;
				INFOPLIST_KEY_UIMainStoryboardFile = Main;
				INFOPLIST_KEY_UISupportedInterfaceOrientations_iPad = "UIInterfaceOrientationPortrait UIInterfaceOrientationPortraitUpsideDown UIInterfaceOrientationLandscapeLeft UIInterfaceOrientationLandscapeRight";
				INFOPLIST_KEY_UISupportedInterfaceOrientations_iPhone = "UIInterfaceOrientationPortrait UIInterfaceOrientationLandscapeLeft UIInterfaceOrientationLandscapeRight";
				LD_RUNPATH_SEARCH_PATHS = (
					"$(inherited)",
					"@executable_path/Frameworks",
				);
				MARKETING_VERSION = 1.0;
				PRODUCT_BUNDLE_IDENTIFIER = com.jack.SeSAC4Network;
				PRODUCT_NAME = "$(TARGET_NAME)";
				SWIFT_EMIT_LOC_STRINGS = YES;
				SWIFT_VERSION = 5.0;
				TARGETED_DEVICE_FAMILY = "1,2";
			};
			name = Release;
		};
/* End XCBuildConfiguration section */

/* Begin XCConfigurationList section */
		0460CEC22B5611A500813E7B /* Build configuration list for PBXProject "SeSAC4Network" */ = {
			isa = XCConfigurationList;
			buildConfigurations = (
				0460CED92B5611A600813E7B /* Debug */,
				0460CEDA2B5611A600813E7B /* Release */,
			);
			defaultConfigurationIsVisible = 0;
			defaultConfigurationName = Release;
		};
		0460CEDB2B5611A600813E7B /* Build configuration list for PBXNativeTarget "SeSAC4Network" */ = {
			isa = XCConfigurationList;
			buildConfigurations = (
				0460CEDC2B5611A600813E7B /* Debug */,
				0460CEDD2B5611A600813E7B /* Release */,
			);
			defaultConfigurationIsVisible = 0;
			defaultConfigurationName = Release;
		};
/* End XCConfigurationList section */

/* Begin XCRemoteSwiftPackageReference section */
		0458C8822B58A0460085A69D /* XCRemoteSwiftPackageReference "Kingfisher" */ = {
			isa = XCRemoteSwiftPackageReference;
			repositoryURL = "https://github.com/onevcat/Kingfisher.git";
			requirement = {
				kind = upToNextMajorVersion;
				minimumVersion = 7.10.2;
			};
		};
		0460CEDE2B5611C900813E7B /* XCRemoteSwiftPackageReference "Alamofire" */ = {
			isa = XCRemoteSwiftPackageReference;
			repositoryURL = "https://github.com/Alamofire/Alamofire";
			requirement = {
				kind = upToNextMajorVersion;
				minimumVersion = 5.8.1;
			};
		};
/* End XCRemoteSwiftPackageReference section */

/* Begin XCSwiftPackageProductDependency section */
		0458C8832B58A0460085A69D /* Kingfisher */ = {
			isa = XCSwiftPackageProductDependency;
			package = 0458C8822B58A0460085A69D /* XCRemoteSwiftPackageReference "Kingfisher" */;
			productName = Kingfisher;
		};
		0460CEDF2B5611C900813E7B /* Alamofire */ = {
			isa = XCSwiftPackageProductDependency;
			package = 0460CEDE2B5611C900813E7B /* XCRemoteSwiftPackageReference "Alamofire" */;
			productName = Alamofire;
		};
/* End XCSwiftPackageProductDependency section */
	};
	rootObject = 0460CEBF2B5611A500813E7B /* Project object */;
}
